// !$*UTF8*$!
{
	archiveVersion = 1;
	classes = {
	};
	objectVersion = 55;
	objects = {

/* Begin PBXBuildFile section */
		4352911927A0777200244C27 /* ContentViewRow.swift in Sources */ = {isa = PBXBuildFile; fileRef = 4352911827A0777200244C27 /* ContentViewRow.swift */; };
		4352911B27A079A400244C27 /* ContentDetailView.swift in Sources */ = {isa = PBXBuildFile; fileRef = 4352911A27A079A400244C27 /* ContentDetailView.swift */; };
		4352911E27A07C5B00244C27 /* AVKit.framework in Frameworks */ = {isa = PBXBuildFile; fileRef = 4352911D27A07C5B00244C27 /* AVKit.framework */; };
		4352912027A07D8300244C27 /* Constants.swift in Sources */ = {isa = PBXBuildFile; fileRef = 4352911F27A07D8300244C27 /* Constants.swift */; };
		4352912227A1F8CE00244C27 /* CodeTextView.swift in Sources */ = {isa = PBXBuildFile; fileRef = 4352912127A1F8CE00244C27 /* CodeTextView.swift */; };
		4352912427A3D38900244C27 /* RectangleCard.swift in Sources */ = {isa = PBXBuildFile; fileRef = 4352912327A3D38900244C27 /* RectangleCard.swift */; };
		4352912627A3D5A900244C27 /* TestView.swift in Sources */ = {isa = PBXBuildFile; fileRef = 4352912527A3D5A900244C27 /* TestView.swift */; };
		43BA1D4327A04174008F4545 /* LearningApp.swift in Sources */ = {isa = PBXBuildFile; fileRef = 43BA1D4227A04174008F4545 /* LearningApp.swift */; };
		43BA1D4527A04174008F4545 /* HomeView.swift in Sources */ = {isa = PBXBuildFile; fileRef = 43BA1D4427A04174008F4545 /* HomeView.swift */; };
		43BA1D4727A04176008F4545 /* Assets.xcassets in Resources */ = {isa = PBXBuildFile; fileRef = 43BA1D4627A04176008F4545 /* Assets.xcassets */; };
		43BA1D4A27A04176008F4545 /* Preview Assets.xcassets in Resources */ = {isa = PBXBuildFile; fileRef = 43BA1D4927A04176008F4545 /* Preview Assets.xcassets */; };
		43BA1D5727A04283008F4545 /* ContentModel.swift in Sources */ = {isa = PBXBuildFile; fileRef = 43BA1D5627A04283008F4545 /* ContentModel.swift */; };
		43BA1D5A27A044D9008F4545 /* data.json in Resources */ = {isa = PBXBuildFile; fileRef = 43BA1D5827A044D9008F4545 /* data.json */; };
		43BA1D5B27A044D9008F4545 /* style.html in Resources */ = {isa = PBXBuildFile; fileRef = 43BA1D5927A044D9008F4545 /* style.html */; };
		43BA1D5D27A046E2008F4545 /* Models.swift in Sources */ = {isa = PBXBuildFile; fileRef = 43BA1D5C27A046E2008F4545 /* Models.swift */; };
		43BA1D5F27A0547F008F4545 /* HomeViewRow.swift in Sources */ = {isa = PBXBuildFile; fileRef = 43BA1D5E27A0547F008F4545 /* HomeViewRow.swift */; };
		43BA1D6127A06B36008F4545 /* ContentView.swift in Sources */ = {isa = PBXBuildFile; fileRef = 43BA1D6027A06B36008F4545 /* ContentView.swift */; };
		43CAD35D27A4A93100CF7D50 /* TestResultView.swift in Sources */ = {isa = PBXBuildFile; fileRef = 43CAD35C27A4A93100CF7D50 /* TestResultView.swift */; };
/* End PBXBuildFile section */

/* Begin PBXFileReference section */
		4352911827A0777200244C27 /* ContentViewRow.swift */ = {isa = PBXFileReference; lastKnownFileType = sourcecode.swift; path = ContentViewRow.swift; sourceTree = "<group>"; };
		4352911A27A079A400244C27 /* ContentDetailView.swift */ = {isa = PBXFileReference; lastKnownFileType = sourcecode.swift; path = ContentDetailView.swift; sourceTree = "<group>"; };
		4352911D27A07C5B00244C27 /* AVKit.framework */ = {isa = PBXFileReference; lastKnownFileType = wrapper.framework; name = AVKit.framework; path = System/Library/Frameworks/AVKit.framework; sourceTree = SDKROOT; };
		4352911F27A07D8300244C27 /* Constants.swift */ = {isa = PBXFileReference; lastKnownFileType = sourcecode.swift; path = Constants.swift; sourceTree = "<group>"; };
		4352912127A1F8CE00244C27 /* CodeTextView.swift */ = {isa = PBXFileReference; lastKnownFileType = sourcecode.swift; path = CodeTextView.swift; sourceTree = "<group>"; };
		4352912327A3D38900244C27 /* RectangleCard.swift */ = {isa = PBXFileReference; lastKnownFileType = sourcecode.swift; path = RectangleCard.swift; sourceTree = "<group>"; };
		4352912527A3D5A900244C27 /* TestView.swift */ = {isa = PBXFileReference; lastKnownFileType = sourcecode.swift; path = TestView.swift; sourceTree = "<group>"; };
		43BA1D3F27A04174008F4545 /* LearningApp.app */ = {isa = PBXFileReference; explicitFileType = wrapper.application; includeInIndex = 0; path = LearningApp.app; sourceTree = BUILT_PRODUCTS_DIR; };
		43BA1D4227A04174008F4545 /* LearningApp.swift */ = {isa = PBXFileReference; lastKnownFileType = sourcecode.swift; path = LearningApp.swift; sourceTree = "<group>"; };
		43BA1D4427A04174008F4545 /* HomeView.swift */ = {isa = PBXFileReference; lastKnownFileType = sourcecode.swift; path = HomeView.swift; sourceTree = "<group>"; };
		43BA1D4627A04176008F4545 /* Assets.xcassets */ = {isa = PBXFileReference; lastKnownFileType = folder.assetcatalog; path = Assets.xcassets; sourceTree = "<group>"; };
		43BA1D4927A04176008F4545 /* Preview Assets.xcassets */ = {isa = PBXFileReference; lastKnownFileType = folder.assetcatalog; path = "Preview Assets.xcassets"; sourceTree = "<group>"; };
		43BA1D5627A04283008F4545 /* ContentModel.swift */ = {isa = PBXFileReference; lastKnownFileType = sourcecode.swift; path = ContentModel.swift; sourceTree = "<group>"; };
		43BA1D5827A044D9008F4545 /* data.json */ = {isa = PBXFileReference; fileEncoding = 4; lastKnownFileType = text.json; path = data.json; sourceTree = "<group>"; };
		43BA1D5927A044D9008F4545 /* style.html */ = {isa = PBXFileReference; fileEncoding = 4; lastKnownFileType = text.html; path = style.html; sourceTree = "<group>"; };
		43BA1D5C27A046E2008F4545 /* Models.swift */ = {isa = PBXFileReference; lastKnownFileType = sourcecode.swift; path = Models.swift; sourceTree = "<group>"; };
		43BA1D5E27A0547F008F4545 /* HomeViewRow.swift */ = {isa = PBXFileReference; lastKnownFileType = sourcecode.swift; path = HomeViewRow.swift; sourceTree = "<group>"; };
		43BA1D6027A06B36008F4545 /* ContentView.swift */ = {isa = PBXFileReference; lastKnownFileType = sourcecode.swift; path = ContentView.swift; sourceTree = "<group>"; };
		43CAD35C27A4A93100CF7D50 /* TestResultView.swift */ = {isa = PBXFileReference; lastKnownFileType = sourcecode.swift; path = TestResultView.swift; sourceTree = "<group>"; };
/* End PBXFileReference section */

/* Begin PBXFrameworksBuildPhase section */
		43BA1D3C27A04174008F4545 /* Frameworks */ = {
			isa = PBXFrameworksBuildPhase;
			buildActionMask = 2147483647;
			files = (
				4352911E27A07C5B00244C27 /* AVKit.framework in Frameworks */,
			);
			runOnlyForDeploymentPostprocessing = 0;
		};
/* End PBXFrameworksBuildPhase section */

/* Begin PBXGroup section */
		4352911C27A07C5A00244C27 /* Frameworks */ = {
			isa = PBXGroup;
			children = (
				4352911D27A07C5B00244C27 /* AVKit.framework */,
			);
			name = Frameworks;
			sourceTree = "<group>";
		};
		43BA1D3627A04174008F4545 = {
			isa = PBXGroup;
			children = (
				43BA1D4127A04174008F4545 /* LearningApp */,
				43BA1D4027A04174008F4545 /* Products */,
				4352911C27A07C5A00244C27 /* Frameworks */,
			);
			sourceTree = "<group>";
		};
		43BA1D4027A04174008F4545 /* Products */ = {
			isa = PBXGroup;
			children = (
				43BA1D3F27A04174008F4545 /* LearningApp.app */,
			);
			name = Products;
			sourceTree = "<group>";
		};
		43BA1D4127A04174008F4545 /* LearningApp */ = {
			isa = PBXGroup;
			children = (
				43BA1D4227A04174008F4545 /* LearningApp.swift */,
				43BA1D5127A04217008F4545 /* Views */,
				43BA1D5227A0421D008F4545 /* ViewModels */,
				43BA1D5327A04226008F4545 /* Models */,
				43BA1D5427A0422B008F4545 /* Resources */,
				43BA1D5527A04234008F4545 /* Helpers */,
				43BA1D4627A04176008F4545 /* Assets.xcassets */,
				43BA1D4827A04176008F4545 /* Preview Content */,
			);
			path = LearningApp;
			sourceTree = "<group>";
		};
		43BA1D4827A04176008F4545 /* Preview Content */ = {
			isa = PBXGroup;
			children = (
				43BA1D4927A04176008F4545 /* Preview Assets.xcassets */,
			);
			path = "Preview Content";
			sourceTree = "<group>";
		};
		43BA1D5127A04217008F4545 /* Views */ = {
			isa = PBXGroup;
			children = (
				43BA1D4427A04174008F4545 /* HomeView.swift */,
				43BA1D5E27A0547F008F4545 /* HomeViewRow.swift */,
				43BA1D6027A06B36008F4545 /* ContentView.swift */,
				4352911827A0777200244C27 /* ContentViewRow.swift */,
				4352911A27A079A400244C27 /* ContentDetailView.swift */,
				4352912127A1F8CE00244C27 /* CodeTextView.swift */,
				4352912327A3D38900244C27 /* RectangleCard.swift */,
				4352912527A3D5A900244C27 /* TestView.swift */,
				43CAD35C27A4A93100CF7D50 /* TestResultView.swift */,
			);
			path = Views;
			sourceTree = "<group>";
		};
		43BA1D5227A0421D008F4545 /* ViewModels */ = {
			isa = PBXGroup;
			children = (
				43BA1D5627A04283008F4545 /* ContentModel.swift */,
			);
			path = ViewModels;
			sourceTree = "<group>";
		};
		43BA1D5327A04226008F4545 /* Models */ = {
			isa = PBXGroup;
			children = (
				43BA1D5C27A046E2008F4545 /* Models.swift */,
			);
			path = Models;
			sourceTree = "<group>";
		};
		43BA1D5427A0422B008F4545 /* Resources */ = {
			isa = PBXGroup;
			children = (
				43BA1D5827A044D9008F4545 /* data.json */,
				43BA1D5927A044D9008F4545 /* style.html */,
				4352911F27A07D8300244C27 /* Constants.swift */,
			);
			path = Resources;
			sourceTree = "<group>";
		};
		43BA1D5527A04234008F4545 /* Helpers */ = {
			isa = PBXGroup;
			children = (
			);
			path = Helpers;
			sourceTree = "<group>";
		};
/* End PBXGroup section */

/* Begin PBXNativeTarget section */
		43BA1D3E27A04174008F4545 /* LearningApp */ = {
			isa = PBXNativeTarget;
			buildConfigurationList = 43BA1D4D27A04176008F4545 /* Build configuration list for PBXNativeTarget "LearningApp" */;
			buildPhases = (
				43BA1D3B27A04174008F4545 /* Sources */,
				43BA1D3C27A04174008F4545 /* Frameworks */,
				43BA1D3D27A04174008F4545 /* Resources */,
			);
			buildRules = (
			);
			dependencies = (
			);
			name = LearningApp;
			productName = LearningApp;
			productReference = 43BA1D3F27A04174008F4545 /* LearningApp.app */;
			productType = "com.apple.product-type.application";
		};
/* End PBXNativeTarget section */

/* Begin PBXProject section */
		43BA1D3727A04174008F4545 /* Project object */ = {
			isa = PBXProject;
			attributes = {
				BuildIndependentTargetsInParallel = 1;
				LastSwiftUpdateCheck = 1320;
				LastUpgradeCheck = 1320;
				TargetAttributes = {
					43BA1D3E27A04174008F4545 = {
						CreatedOnToolsVersion = 13.2.1;
					};
				};
			};
			buildConfigurationList = 43BA1D3A27A04174008F4545 /* Build configuration list for PBXProject "LearningApp" */;
			compatibilityVersion = "Xcode 13.0";
			developmentRegion = en;
			hasScannedForEncodings = 0;
			knownRegions = (
				en,
				Base,
			);
			mainGroup = 43BA1D3627A04174008F4545;
			productRefGroup = 43BA1D4027A04174008F4545 /* Products */;
			projectDirPath = "";
			projectRoot = "";
			targets = (
				43BA1D3E27A04174008F4545 /* LearningApp */,
			);
		};
/* End PBXProject section */

/* Begin PBXResourcesBuildPhase section */
		43BA1D3D27A04174008F4545 /* Resources */ = {
			isa = PBXResourcesBuildPhase;
			buildActionMask = 2147483647;
			files = (
				43BA1D4A27A04176008F4545 /* Preview Assets.xcassets in Resources */,
				43BA1D5A27A044D9008F4545 /* data.json in Resources */,
				43BA1D5B27A044D9008F4545 /* style.html in Resources */,
				43BA1D4727A04176008F4545 /* Assets.xcassets in Resources */,
			);
			runOnlyForDeploymentPostprocessing = 0;
		};
/* End PBXResourcesBuildPhase section */

/* Begin PBXSourcesBuildPhase section */
		43BA1D3B27A04174008F4545 /* Sources */ = {
			isa = PBXSourcesBuildPhase;
			buildActionMask = 2147483647;
			files = (
				4352912627A3D5A900244C27 /* TestView.swift in Sources */,
				43CAD35D27A4A93100CF7D50 /* TestResultView.swift in Sources */,
				43BA1D4527A04174008F4545 /* HomeView.swift in Sources */,
				43BA1D5F27A0547F008F4545 /* HomeViewRow.swift in Sources */,
				43BA1D6127A06B36008F4545 /* ContentView.swift in Sources */,
				4352911B27A079A400244C27 /* ContentDetailView.swift in Sources */,
				43BA1D4327A04174008F4545 /* LearningApp.swift in Sources */,
				4352911927A0777200244C27 /* ContentViewRow.swift in Sources */,
				4352912227A1F8CE00244C27 /* CodeTextView.swift in Sources */,
				43BA1D5727A04283008F4545 /* ContentModel.swift in Sources */,
				43BA1D5D27A046E2008F4545 /* Models.swift in Sources */,
				4352912427A3D38900244C27 /* RectangleCard.swift in Sources */,
				4352912027A07D8300244C27 /* Constants.swift in Sources */,
			);
			runOnlyForDeploymentPostprocessing = 0;
		};
/* End PBXSourcesBuildPhase section */

/* Begin XCBuildConfiguration section */
		43BA1D4B27A04176008F4545 /* Debug */ = {
			isa = XCBuildConfiguration;
			buildSettings = {
				ALWAYS_SEARCH_USER_PATHS = NO;
				CLANG_ANALYZER_NONNULL = YES;
				CLANG_ANALYZER_NUMBER_OBJECT_CONVERSION = YES_AGGRESSIVE;
				CLANG_CXX_LANGUAGE_STANDARD = "gnu++17";
				CLANG_CXX_LIBRARY = "libc++";
				CLANG_ENABLE_MODULES = YES;
				CLANG_ENABLE_OBJC_ARC = YES;
				CLANG_ENABLE_OBJC_WEAK = YES;
				CLANG_WARN_BLOCK_CAPTURE_AUTORELEASING = YES;
				CLANG_WARN_BOOL_CONVERSION = YES;
				CLANG_WARN_COMMA = YES;
				CLANG_WARN_CONSTANT_CONVERSION = YES;
				CLANG_WARN_DEPRECATED_OBJC_IMPLEMENTATIONS = YES;
				CLANG_WARN_DIRECT_OBJC_ISA_USAGE = YES_ERROR;
				CLANG_WARN_DOCUMENTATION_COMMENTS = YES;
				CLANG_WARN_EMPTY_BODY = YES;
				CLANG_WARN_ENUM_CONVERSION = YES;
				CLANG_WARN_INFINITE_RECURSION = YES;
				CLANG_WARN_INT_CONVERSION = YES;
				CLANG_WARN_NON_LITERAL_NULL_CONVERSION = YES;
				CLANG_WARN_OBJC_IMPLICIT_RETAIN_SELF = YES;
				CLANG_WARN_OBJC_LITERAL_CONVERSION = YES;
				CLANG_WARN_OBJC_ROOT_CLASS = YES_ERROR;
				CLANG_WARN_QUOTED_INCLUDE_IN_FRAMEWORK_HEADER = YES;
				CLANG_WARN_RANGE_LOOP_ANALYSIS = YES;
				CLANG_WARN_STRICT_PROTOTYPES = YES;
				CLANG_WARN_SUSPICIOUS_MOVE = YES;
				CLANG_WARN_UNGUARDED_AVAILABILITY = YES_AGGRESSIVE;
				CLANG_WARN_UNREACHABLE_CODE = YES;
				CLANG_WARN__DUPLICATE_METHOD_MATCH = YES;
				COPY_PHASE_STRIP = NO;
				DEBUG_INFORMATION_FORMAT = dwarf;
				ENABLE_STRICT_OBJC_MSGSEND = YES;
				ENABLE_TESTABILITY = YES;
				GCC_C_LANGUAGE_STANDARD = gnu11;
				GCC_DYNAMIC_NO_PIC = NO;
				GCC_NO_COMMON_BLOCKS = YES;
				GCC_OPTIMIZATION_LEVEL = 0;
				GCC_PREPROCESSOR_DEFINITIONS = (
					"DEBUG=1",
					"$(inherited)",
				);
				GCC_WARN_64_TO_32_BIT_CONVERSION = YES;
				GCC_WARN_ABOUT_RETURN_TYPE = YES_ERROR;
				GCC_WARN_UNDECLARED_SELECTOR = YES;
				GCC_WARN_UNINITIALIZED_AUTOS = YES_AGGRESSIVE;
				GCC_WARN_UNUSED_FUNCTION = YES;
				GCC_WARN_UNUSED_VARIABLE = YES;
				IPHONEOS_DEPLOYMENT_TARGET = 15.2;
				MTL_ENABLE_DEBUG_INFO = INCLUDE_SOURCE;
				MTL_FAST_MATH = YES;
				ONLY_ACTIVE_ARCH = YES;
				SDKROOT = iphoneos;
				SWIFT_ACTIVE_COMPILATION_CONDITIONS = DEBUG;
				SWIFT_OPTIMIZATION_LEVEL = "-Onone";
			};
			name = Debug;
		};
		43BA1D4C27A04176008F4545 /* Release */ = {
			isa = XCBuildConfiguration;
			buildSettings = {
				ALWAYS_SEARCH_USER_PATHS = NO;
				CLANG_ANALYZER_NONNULL = YES;
				CLANG_ANALYZER_NUMBER_OBJECT_CONVERSION = YES_AGGRESSIVE;
				CLANG_CXX_LANGUAGE_STANDARD = "gnu++17";
				CLANG_CXX_LIBRARY = "libc++";
				CLANG_ENABLE_MODULES = YES;
				CLANG_ENABLE_OBJC_ARC = YES;
				CLANG_ENABLE_OBJC_WEAK = YES;
				CLANG_WARN_BLOCK_CAPTURE_AUTORELEASING = YES;
				CLANG_WARN_BOOL_CONVERSION = YES;
				CLANG_WARN_COMMA = YES;
				CLANG_WARN_CONSTANT_CONVERSION = YES;
				CLANG_WARN_DEPRECATED_OBJC_IMPLEMENTATIONS = YES;
				CLANG_WARN_DIRECT_OBJC_ISA_USAGE = YES_ERROR;
				CLANG_WARN_DOCUMENTATION_COMMENTS = YES;
				CLANG_WARN_EMPTY_BODY = YES;
				CLANG_WARN_ENUM_CONVERSION = YES;
				CLANG_WARN_INFINITE_RECURSION = YES;
				CLANG_WARN_INT_CONVERSION = YES;
				CLANG_WARN_NON_LITERAL_NULL_CONVERSION = YES;
				CLANG_WARN_OBJC_IMPLICIT_RETAIN_SELF = YES;
				CLANG_WARN_OBJC_LITERAL_CONVERSION = YES;
				CLANG_WARN_OBJC_ROOT_CLASS = YES_ERROR;
				CLANG_WARN_QUOTED_INCLUDE_IN_FRAMEWORK_HEADER = YES;
				CLANG_WARN_RANGE_LOOP_ANALYSIS = YES;
				CLANG_WARN_STRICT_PROTOTYPES = YES;
				CLANG_WARN_SUSPICIOUS_MOVE = YES;
				CLANG_WARN_UNGUARDED_AVAILABILITY = YES_AGGRESSIVE;
				CLANG_WARN_UNREACHABLE_CODE = YES;
				CLANG_WARN__DUPLICATE_METHOD_MATCH = YES;
				COPY_PHASE_STRIP = NO;
				DEBUG_INFORMATION_FORMAT = "dwarf-with-dsym";
				ENABLE_NS_ASSERTIONS = NO;
				ENABLE_STRICT_OBJC_MSGSEND = YES;
				GCC_C_LANGUAGE_STANDARD = gnu11;
				GCC_NO_COMMON_BLOCKS = YES;
				GCC_WARN_64_TO_32_BIT_CONVERSION = YES;
				GCC_WARN_ABOUT_RETURN_TYPE = YES_ERROR;
				GCC_WARN_UNDECLARED_SELECTOR = YES;
				GCC_WARN_UNINITIALIZED_AUTOS = YES_AGGRESSIVE;
				GCC_WARN_UNUSED_FUNCTION = YES;
				GCC_WARN_UNUSED_VARIABLE = YES;
				IPHONEOS_DEPLOYMENT_TARGET = 15.2;
				MTL_ENABLE_DEBUG_INFO = NO;
				MTL_FAST_MATH = YES;
				SDKROOT = iphoneos;
				SWIFT_COMPILATION_MODE = wholemodule;
				SWIFT_OPTIMIZATION_LEVEL = "-O";
				VALIDATE_PRODUCT = YES;
			};
			name = Release;
		};
		43BA1D4E27A04176008F4545 /* Debug */ = {
			isa = XCBuildConfiguration;
			buildSettings = {
				ASSETCATALOG_COMPILER_APPICON_NAME = AppIcon;
				ASSETCATALOG_COMPILER_GLOBAL_ACCENT_COLOR_NAME = AccentColor;
				CODE_SIGN_STYLE = Automatic;
				CURRENT_PROJECT_VERSION = 1;
				DEVELOPMENT_ASSET_PATHS = "\"LearningApp/Preview Content\"";
				DEVELOPMENT_TEAM = 6DNY3CMBDZ;
				ENABLE_PREVIEWS = YES;
				GENERATE_INFOPLIST_FILE = YES;
				INFOPLIST_KEY_UIApplicationSceneManifest_Generation = YES;
				INFOPLIST_KEY_UIApplicationSupportsIndirectInputEvents = YES;
				INFOPLIST_KEY_UILaunchScreen_Generation = YES;
				INFOPLIST_KEY_UISupportedInterfaceOrientations_iPad = "UIInterfaceOrientationPortrait UIInterfaceOrientationPortraitUpsideDown UIInterfaceOrientationLandscapeLeft UIInterfaceOrientationLandscapeRight";
				INFOPLIST_KEY_UISupportedInterfaceOrientations_iPhone = "UIInterfaceOrientationPortrait UIInterfaceOrientationLandscapeLeft UIInterfaceOrientationLandscapeRight";
				LD_RUNPATH_SEARCH_PATHS = (
					"$(inherited)",
					"@executable_path/Frameworks",
				);
				MARKETING_VERSION = 1.0;
				PRODUCT_BUNDLE_IDENTIFIER = com.masongarrett.LearningApp;
				PRODUCT_NAME = "$(TARGET_NAME)";
				SWIFT_EMIT_LOC_STRINGS = YES;
				SWIFT_VERSION = 5.0;
				TARGETED_DEVICE_FAMILY = "1,2";
			};
			name = Debug;
		};
		43BA1D4F27A04176008F4545 /* Release */ = {
			isa = XCBuildConfiguration;
			buildSettings = {
				ASSETCATALOG_COMPILER_APPICON_NAME = AppIcon;
				ASSETCATALOG_COMPILER_GLOBAL_ACCENT_COLOR_NAME = AccentColor;
				CODE_SIGN_STYLE = Automatic;
				CURRENT_PROJECT_VERSION = 1;
				DEVELOPMENT_ASSET_PATHS = "\"LearningApp/Preview Content\"";
				DEVELOPMENT_TEAM = 6DNY3CMBDZ;
				ENABLE_PREVIEWS = YES;
				GENERATE_INFOPLIST_FILE = YES;
				INFOPLIST_KEY_UIApplicationSceneManifest_Generation = YES;
				INFOPLIST_KEY_UIApplicationSupportsIndirectInputEvents = YES;
				INFOPLIST_KEY_UILaunchScreen_Generation = YES;
				INFOPLIST_KEY_UISupportedInterfaceOrientations_iPad = "UIInterfaceOrientationPortrait UIInterfaceOrientationPortraitUpsideDown UIInterfaceOrientationLandscapeLeft UIInterfaceOrientationLandscapeRight";
				INFOPLIST_KEY_UISupportedInterfaceOrientations_iPhone = "UIInterfaceOrientationPortrait UIInterfaceOrientationLandscapeLeft UIInterfaceOrientationLandscapeRight";
				LD_RUNPATH_SEARCH_PATHS = (
					"$(inherited)",
					"@executable_path/Frameworks",
				);
				MARKETING_VERSION = 1.0;
				PRODUCT_BUNDLE_IDENTIFIER = com.masongarrett.LearningApp;
				PRODUCT_NAME = "$(TARGET_NAME)";
				SWIFT_EMIT_LOC_STRINGS = YES;
				SWIFT_VERSION = 5.0;
				TARGETED_DEVICE_FAMILY = "1,2";
			};
			name = Release;
		};
/* End XCBuildConfiguration section */

/* Begin XCConfigurationList section */
		43BA1D3A27A04174008F4545 /* Build configuration list for PBXProject "LearningApp" */ = {
			isa = XCConfigurationList;
			buildConfigurations = (
				43BA1D4B27A04176008F4545 /* Debug */,
				43BA1D4C27A04176008F4545 /* Release */,
			);
			defaultConfigurationIsVisible = 0;
			defaultConfigurationName = Release;
		};
		43BA1D4D27A04176008F4545 /* Build configuration list for PBXNativeTarget "LearningApp" */ = {
			isa = XCConfigurationList;
			buildConfigurations = (
				43BA1D4E27A04176008F4545 /* Debug */,
				43BA1D4F27A04176008F4545 /* Release */,
			);
			defaultConfigurationIsVisible = 0;
			defaultConfigurationName = Release;
		};
/* End XCConfigurationList section */
	};
	rootObject = 43BA1D3727A04174008F4545 /* Project object */;
}
